
Microsoft Visual Studio Solution File, Format Version 12.00
# Visual Studio 2012
Project("{FAE04EC0-301F-11D3-BF4B-00C04F79EFBC}") = "CosmosMusic", "CosmosMusic\CosmosMusic.csproj", "{5DA62459-D137-4FA3-AC0A-98270098311F}"
EndProject
Global
	GlobalSection(SolutionConfigurationPlatforms) = preSolution
		Debug|Any CPU = Debug|Any CPU
		Release|Any CPU = Release|Any CPU
	EndGlobalSection
	GlobalSection(ProjectConfigurationPlatforms) = postSolution
		{5DA62459-D137-4FA3-AC0A-98270098311F}.Debug|Any CPU.ActiveCfg = Debug|Any CPU
		{5DA62459-D137-4FA3-AC0A-98270098311F}.Debug|Any CPU.Build.0 = Debug|Any CPU
		{5DA62459-D137-4FA3-AC0A-98270098311F}.Release|Any CPU.ActiveCfg = Release|Any CPU
		{5DA62459-D137-4FA3-AC0A-98270098311F}.Release|Any CPU.Build.0 = Release|Any CPU
	EndGlobalSection
	GlobalSection(SolutionProperties) = preSolution
		HideSolutionNode = FALSE
	EndGlobalSection
EndGlobal
